github.com/gohugoio/hugoTestModules1_darwin/modh2_1_1v v1.3.0/go.mod h1:qSPyd6XlIzf+Nt7XkwmgWEW76hJpjCl+U0It0v8aaHM=
github.com/gohugoio/hugoTestModules1_darwin/modh2_1_2 v1.3.0/go.mod h1:HFjBSfLNNDIfcLEbwcuk3SOMWJOV3BwSg+STDjq3x2Q=
github.com/gohugoio/hugoTestModules1_darwin/modh2_1v v1.3.0 h1:U3d922hjL73+3hXnjkTWkB1deAGYmErXiN3gxoW0YZk=
github.com/gohugoio/hugoTestModules1_darwin/modh2_1v v1.3.0/go.mod h1:GS6WxVDxev7yEUCF45W0wTdo2mFeRyF5KfcEulsucxA=
github.com/gohugoio/hugoTestModules1_darwin/modh2_2 v1.3.0 h1:eho+iiGwJ5KCM7ySmUtU60J8GYleRNpYbYBOqkiz4LU=
github.com/gohugoio/hugoTestModules1_darwin/modh2_2 v1.3.0/go.mod h1:Ntf3LlcFCuA3bnlAyXWv4NSBVQjj2I+fgJ0e8FDIry8=
github.com/gohugoio/hugoTestModules1_darwin/modh2_2_1v v1.3.0/go.mod h1:55qsxrNyDRIvct2Z+JUJclpSaYs6filJKi5aDkq3Jbw=
github.com/gohugoio/hugoTestModules1_darwin/modh2_2_2 v1.3.0/go.mod h1:yfQIHzfANUIPfH4reNv0espDalb1e3cgtDTJcRgzYFs=
