github.com/gohugoio/hugoTestModules1_darwin v0.0.0-20201018084243-1b773f7d7cbd h1:LYkqc4m2QCpLFaFGnJUruhCTQoV+KzQ8z8GAHvNCOdo=
github.com/gohugoio/hugoTestModules1_darwin/modh2_1_1v v1.2.0/go.mod h1:qSPyd6XlIzf+Nt7XkwmgWEW76hJpjCl+U0It0v8aaHM=
github.com/gohugoio/hugoTestModules1_darwin/modh2_1_1v v1.3.0/go.mod h1:qSPyd6XlIzf+Nt7XkwmgWEW76hJpjCl+U0It0v8aaHM=
github.com/gohugoio/hugoTestModules1_darwin/modh2_1_1v v1.4.0/go.mod h1:qSPyd6XlIzf+Nt7XkwmgWEW76hJpjCl+U0It0v8aaHM=
github.com/gohugoio/hugoTestModules1_darwin/modh2_1_2 v1.2.0/go.mod h1:HFjBSfLNNDIfcLEbwcuk3SOMWJOV3BwSg+STDjq3x2Q=
github.com/gohugoio/hugoTestModules1_darwin/modh2_1_2 v1.3.0/go.mod h1:HFjBSfLNNDIfcLEbwcuk3SOMWJOV3BwSg+STDjq3x2Q=
github.com/gohugoio/hugoTestModules1_darwin/modh2_1_2 v1.4.0/go.mod h1:HFjBSfLNNDIfcLEbwcuk3SOMWJOV3BwSg+STDjq3x2Q=
github.com/gohugoio/hugoTestModules1_darwin/modh2_1v v1.3.0 h1:U3d922hjL73+3hXnjkTWkB1deAGYmErXiN3gxoW0YZk=
github.com/gohugoio/hugoTestModules1_darwin/modh2_1v v1.3.0/go.mod h1:GS6WxVDxev7yEUCF45W0wTdo2mFeRyF5KfcEulsucxA=
github.com/gohugoio/hugoTestModules1_darwin/modh2_1v v1.4.0 h1:ODuCIDY2XMgOJ+X3h7Rq4RdhJgoiAMAfs58Iij0TYhI=
github.com/gohugoio/hugoTestModules1_darwin/modh2_1v v1.4.0/go.mod h1:HD4P5Eu4WSSOIQpvj6+VaosVKrCARGmj7MrSFGwra8o=
github.com/gohugoio/hugoTestModules1_darwin/modh2_2 v1.3.0 h1:eho+iiGwJ5KCM7ySmUtU60J8GYleRNpYbYBOqkiz4LU=
github.com/gohugoio/hugoTestModules1_darwin/modh2_2 v1.3.0/go.mod h1:Ntf3LlcFCuA3bnlAyXWv4NSBVQjj2I+fgJ0e8FDIry8=
github.com/gohugoio/hugoTestModules1_darwin/modh2_2 v1.4.0 h1:m2snKHdVXbBx+T5gFm8p1epYn1vhO8n1LhHS38BgtLI=
github.com/gohugoio/hugoTestModules1_darwin/modh2_2 v1.4.0/go.mod h1:iN/E5b3NJ7tUHkkXMj4+iTpPmBRTUK5rBiFGt3x2HsE=
github.com/gohugoio/hugoTestModules1_darwin/modh2_2_1v v1.2.0/go.mod h1:55qsxrNyDRIvct2Z+JUJclpSaYs6filJKi5aDkq3Jbw=
github.com/gohugoio/hugoTestModules1_darwin/modh2_2_1v v1.3.0/go.mod h1:55qsxrNyDRIvct2Z+JUJclpSaYs6filJKi5aDkq3Jbw=
github.com/gohugoio/hugoTestModules1_darwin/modh2_2_1v v1.4.0/go.mod h1:55qsxrNyDRIvct2Z+JUJclpSaYs6filJKi5aDkq3Jbw=
github.com/gohugoio/hugoTestModules1_darwin/modh2_2_2 v1.2.0/go.mod h1:yfQIHzfANUIPfH4reNv0espDalb1e3cgtDTJcRgzYFs=
github.com/gohugoio/hugoTestModules1_darwin/modh2_2_2 v1.3.0/go.mod h1:yfQIHzfANUIPfH4reNv0espDalb1e3cgtDTJcRgzYFs=
github.com/gohugoio/hugoTestModules1_darwin/modh2_2_2 v1.4.0/go.mod h1:yfQIHzfANUIPfH4reNv0espDalb1e3cgtDTJcRgzYFs=
