github.com/gohugoio/hugoTestModules1_darwin v0.0.0-20201018084106-2b35f20e8221 h1:nqc25Yoa0bDwntSUeq6gi2mGP2GoJ0yp5XjVxcqzb3o=
github.com/gohugoio/hugoTestModules1_darwin v0.0.0-20201018084125-6fc8682efcf4 h1:z+TkFmCG5MiP31Tdkhdpdp9ewDR5a3WDFGAeLEOAd6c=
github.com/gohugoio/hugoTestModules1_darwin v0.0.0-20201018084144-802a9ac6c69f h1:ej+siLlfMjHh6CAXNXey7T2GJctz63DI/SJjSKW7NGA=
github.com/gohugoio/hugoTestModules1_darwin v0.0.0-20201018084202-0e548a65863f h1:YzMijdkHsHHb3+fpUigVK4m8vZJWhfvxPi/XY014Fe8=
github.com/gohugoio/hugoTestModules1_darwin/modh2_1_1v v0.0.0-20201018084106-2b35f20e8221 h1:w2nYGE7XUjmm0QST0t0n9Yyz6ubyG3efetBpMU93fzE=
github.com/gohugoio/hugoTestModules1_darwin/modh2_1_1v v0.0.0-20201018084106-2b35f20e8221/go.mod h1:qSPyd6XlIzf+Nt7XkwmgWEW76hJpjCl+U0It0v8aaHM=
github.com/gohugoio/hugoTestModules1_darwin/modh2_1_1v v1.0.0/go.mod h1:qSPyd6XlIzf+Nt7XkwmgWEW76hJpjCl+U0It0v8aaHM=
github.com/gohugoio/hugoTestModules1_darwin/modh2_1_1v v1.1.0/go.mod h1:qSPyd6XlIzf+Nt7XkwmgWEW76hJpjCl+U0It0v8aaHM=
github.com/gohugoio/hugoTestModules1_darwin/modh2_1_1v v1.2.0/go.mod h1:qSPyd6XlIzf+Nt7XkwmgWEW76hJpjCl+U0It0v8aaHM=
github.com/gohugoio/hugoTestModules1_darwin/modh2_1_2 v0.0.0-20201018084106-2b35f20e8221 h1:0h4ajbkffMldkRZT9G0DKNBFqeYTfnVxZ6JnHO+0SNI=
github.com/gohugoio/hugoTestModules1_darwin/modh2_1_2 v0.0.0-20201018084106-2b35f20e8221/go.mod h1:HFjBSfLNNDIfcLEbwcuk3SOMWJOV3BwSg+STDjq3x2Q=
github.com/gohugoio/hugoTestModules1_darwin/modh2_1_2 v1.0.0/go.mod h1:HFjBSfLNNDIfcLEbwcuk3SOMWJOV3BwSg+STDjq3x2Q=
github.com/gohugoio/hugoTestModules1_darwin/modh2_1_2 v1.1.0/go.mod h1:HFjBSfLNNDIfcLEbwcuk3SOMWJOV3BwSg+STDjq3x2Q=
github.com/gohugoio/hugoTestModules1_darwin/modh2_1_2 v1.2.0/go.mod h1:HFjBSfLNNDIfcLEbwcuk3SOMWJOV3BwSg+STDjq3x2Q=
github.com/gohugoio/hugoTestModules1_darwin/modh2_1v v0.0.0-20201018084106-2b35f20e8221 h1:3DSMlWiUCgkZ7w3fgbOsRwpmSfarQdF8DnLHQQ5r4sY=
github.com/gohugoio/hugoTestModules1_darwin/modh2_1v v0.0.0-20201018084106-2b35f20e8221/go.mod h1:FwKRBOUAdXg3gB9qIz/CeofOSGwjKAIzBsPnrkJPA5U=
github.com/gohugoio/hugoTestModules1_darwin/modh2_1v v1.0.0 h1:K8BdEzn/IoYb7dQmBuoBiXPQ+QN1PWXiz6h+xDPrARc=
github.com/gohugoio/hugoTestModules1_darwin/modh2_1v v1.0.0/go.mod h1:xuehTr8jpbDArXXNVYXhIvWZgsdghYD1ZRK4ynSj1G8=
github.com/gohugoio/hugoTestModules1_darwin/modh2_1v v1.1.0 h1:Xnk/AS7p37wcMoDcvEHLO+3vYStlPobl13EBwAk9kA0=
github.com/gohugoio/hugoTestModules1_darwin/modh2_1v v1.1.0/go.mod h1:eGElnZCBWjr2HP2rhMp1X0ikxRC2/xOLnoC70j0QZ90=
github.com/gohugoio/hugoTestModules1_darwin/modh2_1v v1.2.0 h1:kMfO59nR7zt1rms4abtxSD62eiY8Vu5b7LVO9/HM1wQ=
github.com/gohugoio/hugoTestModules1_darwin/modh2_1v v1.2.0/go.mod h1:nCPh7CQ0XPnw8qbJ3L0RnfIkOd2bc/56gr28xN0WYaE=
github.com/gohugoio/hugoTestModules1_darwin/modh2_2 v0.0.0-20201018084106-2b35f20e8221 h1:tmHYHY3aqloOtysqYvx7AFEHe3YjY8dNlOV7S0n4fRo=
github.com/gohugoio/hugoTestModules1_darwin/modh2_2 v0.0.0-20201018084106-2b35f20e8221/go.mod h1:Mk5HNhlwglheCei7xP2WlAxxY883Qx9/gh424bGcxfg=
github.com/gohugoio/hugoTestModules1_darwin/modh2_2 v1.0.0 h1:Ycd7mM89lhfTF2UsUn1ScWluLc0IT6WGx5JXgS39+MU=
github.com/gohugoio/hugoTestModules1_darwin/modh2_2 v1.0.0/go.mod h1:PYJf/ayFcwrndNgN+aJpVZFWMaHZU3imzM7oVXmxdIo=
github.com/gohugoio/hugoTestModules1_darwin/modh2_2 v1.1.0 h1:80DVLraylsRM90SsBfTNg3Y2K+lIjdWozJYcGXxFEx4=
github.com/gohugoio/hugoTestModules1_darwin/modh2_2 v1.1.0/go.mod h1:W9Ls1iufr1nXux9HTd7HA0ZUnF+m4gaWYdGVLTnvu4U=
github.com/gohugoio/hugoTestModules1_darwin/modh2_2 v1.2.0 h1:1xZnyBcWUIBGtyudv4AEEKewAFasI8lAPfCYzEVdYJ4=
github.com/gohugoio/hugoTestModules1_darwin/modh2_2 v1.2.0/go.mod h1:ks1lBQ5LigYji2jcWfoayTmxNrnul5NKVr2lnlBxsTQ=
github.com/gohugoio/hugoTestModules1_darwin/modh2_2_1v v0.0.0-20201018084106-2b35f20e8221 h1:9iH+KrJ20MBjhtdrJk2hxqa/VuwGEd+DAk08hcQiWKk=
github.com/gohugoio/hugoTestModules1_darwin/modh2_2_1v v0.0.0-20201018084106-2b35f20e8221/go.mod h1:55qsxrNyDRIvct2Z+JUJclpSaYs6filJKi5aDkq3Jbw=
github.com/gohugoio/hugoTestModules1_darwin/modh2_2_1v v1.0.0/go.mod h1:55qsxrNyDRIvct2Z+JUJclpSaYs6filJKi5aDkq3Jbw=
github.com/gohugoio/hugoTestModules1_darwin/modh2_2_1v v1.1.0/go.mod h1:55qsxrNyDRIvct2Z+JUJclpSaYs6filJKi5aDkq3Jbw=
github.com/gohugoio/hugoTestModules1_darwin/modh2_2_1v v1.2.0/go.mod h1:55qsxrNyDRIvct2Z+JUJclpSaYs6filJKi5aDkq3Jbw=
github.com/gohugoio/hugoTestModules1_darwin/modh2_2_2 v0.0.0-20201018084106-2b35f20e8221 h1:e0P1YO8OdIO/dvr5ThOtWOtT2ZQREGVFo8kJbpU7BsQ=
github.com/gohugoio/hugoTestModules1_darwin/modh2_2_2 v0.0.0-20201018084106-2b35f20e8221/go.mod h1:yfQIHzfANUIPfH4reNv0espDalb1e3cgtDTJcRgzYFs=
github.com/gohugoio/hugoTestModules1_darwin/modh2_2_2 v1.0.0/go.mod h1:yfQIHzfANUIPfH4reNv0espDalb1e3cgtDTJcRgzYFs=
github.com/gohugoio/hugoTestModules1_darwin/modh2_2_2 v1.1.0/go.mod h1:yfQIHzfANUIPfH4reNv0espDalb1e3cgtDTJcRgzYFs=
github.com/gohugoio/hugoTestModules1_darwin/modh2_2_2 v1.2.0/go.mod h1:yfQIHzfANUIPfH4reNv0espDalb1e3cgtDTJcRgzYFs=
