github.com/gohugoio/hugoTestModules1_darwin/modh2_2_1v v1.3.0 h1:27ngPCDQuinMzw4oHPk873SKn1XZNFgJ6xFV3fMJBf8=
github.com/gohugoio/hugoTestModules1_darwin/modh2_2_1v v1.3.0/go.mod h1:55qsxrNyDRIvct2Z+JUJclpSaYs6filJKi5aDkq3Jbw=
github.com/gohugoio/hugoTestModules1_darwin/modh2_2_2 v1.3.0 h1:pVz3yNiucVn/of3U4cblsxhQUNg758XtgNO9jSeJzhs=
github.com/gohugoio/hugoTestModules1_darwin/modh2_2_2 v1.3.0/go.mod h1:yfQIHzfANUIPfH4reNv0espDalb1e3cgtDTJcRgzYFs=
