github.com/gohugoio/hugoTestModules1_darwin v0.0.0-20201018084106-2b35f20e8221 h1:nqc25Yoa0bDwntSUeq6gi2mGP2GoJ0yp5XjVxcqzb3o=
github.com/gohugoio/hugoTestModules1_darwin v0.0.0-20201018084125-6fc8682efcf4 h1:z+TkFmCG5MiP31Tdkhdpdp9ewDR5a3WDFGAeLEOAd6c=
github.com/gohugoio/hugoTestModules1_darwin v0.0.0-20201018084144-802a9ac6c69f h1:ej+siLlfMjHh6CAXNXey7T2GJctz63DI/SJjSKW7NGA=
github.com/gohugoio/hugoTestModules1_darwin v0.0.0-20201018084202-0e548a65863f h1:YzMijdkHsHHb3+fpUigVK4m8vZJWhfvxPi/XY014Fe8=
github.com/gohugoio/hugoTestModules1_darwin/modh2_2_1v v0.0.0-20201018084106-2b35f20e8221 h1:9iH+KrJ20MBjhtdrJk2hxqa/VuwGEd+DAk08hcQiWKk=
github.com/gohugoio/hugoTestModules1_darwin/modh2_2_1v v0.0.0-20201018084106-2b35f20e8221/go.mod h1:55qsxrNyDRIvct2Z+JUJclpSaYs6filJKi5aDkq3Jbw=
github.com/gohugoio/hugoTestModules1_darwin/modh2_2_1v v1.0.0 h1:7rdAlR303Oy6VHA7ey2biGhfhGvvt/yfBxbjGbr6Kog=
github.com/gohugoio/hugoTestModules1_darwin/modh2_2_1v v1.0.0/go.mod h1:55qsxrNyDRIvct2Z+JUJclpSaYs6filJKi5aDkq3Jbw=
github.com/gohugoio/hugoTestModules1_darwin/modh2_2_1v v1.1.0 h1:4Q0I8aNwanFiAs+GTHotXNIrQ6g3ykPM9X8HmCtl5+g=
github.com/gohugoio/hugoTestModules1_darwin/modh2_2_1v v1.1.0/go.mod h1:55qsxrNyDRIvct2Z+JUJclpSaYs6filJKi5aDkq3Jbw=
github.com/gohugoio/hugoTestModules1_darwin/modh2_2_1v v1.2.0 h1:WErZAbxMgZuivi+umrh6Eeb8ylQ00voy/YUWk/g6qA0=
github.com/gohugoio/hugoTestModules1_darwin/modh2_2_1v v1.2.0/go.mod h1:55qsxrNyDRIvct2Z+JUJclpSaYs6filJKi5aDkq3Jbw=
github.com/gohugoio/hugoTestModules1_darwin/modh2_2_2 v0.0.0-20201018084106-2b35f20e8221 h1:e0P1YO8OdIO/dvr5ThOtWOtT2ZQREGVFo8kJbpU7BsQ=
github.com/gohugoio/hugoTestModules1_darwin/modh2_2_2 v0.0.0-20201018084106-2b35f20e8221/go.mod h1:yfQIHzfANUIPfH4reNv0espDalb1e3cgtDTJcRgzYFs=
github.com/gohugoio/hugoTestModules1_darwin/modh2_2_2 v1.0.0 h1:XuC/1JP6sLeBEc4Zgzv6M0vdPCwMBVOj7OCVHnw4I0I=
github.com/gohugoio/hugoTestModules1_darwin/modh2_2_2 v1.0.0/go.mod h1:yfQIHzfANUIPfH4reNv0espDalb1e3cgtDTJcRgzYFs=
github.com/gohugoio/hugoTestModules1_darwin/modh2_2_2 v1.1.0 h1:BWVXbwbHo/XQJyNXXT0EGZdNzg/al/K4XnWvugSsGfc=
github.com/gohugoio/hugoTestModules1_darwin/modh2_2_2 v1.1.0/go.mod h1:yfQIHzfANUIPfH4reNv0espDalb1e3cgtDTJcRgzYFs=
github.com/gohugoio/hugoTestModules1_darwin/modh2_2_2 v1.2.0 h1:n9ebD593fpxV50UXlgXQaAeeQkbTmH2VicZPCXaktVg=
github.com/gohugoio/hugoTestModules1_darwin/modh2_2_2 v1.2.0/go.mod h1:yfQIHzfANUIPfH4reNv0espDalb1e3cgtDTJcRgzYFs=
