github.com/gohugoio/hugoTestModules1_darwin/modh1_1_1v v1.3.0/go.mod h1:oVNlYMy4oUsdIh8n7sEa9Yp0eWttLuyIsiUWDmgSWhg=
github.com/gohugoio/hugoTestModules1_darwin/modh1_1_2 v1.3.0/go.mod h1:uEzwm4n5SkbBejFZ0ugpEw3phlT7MbTLg2VVQk/y56M=
github.com/gohugoio/hugoTestModules1_darwin/modh1_1v v1.3.0 h1:6uR81dWOPjMII4Jl9gbBhIv6CyYorT/wdprah3xzT4A=
github.com/gohugoio/hugoTestModules1_darwin/modh1_1v v1.3.0/go.mod h1:/xauV1MHLPZow1k3R+rdLCFGs+LbAivp2oUSplIHD7w=
github.com/gohugoio/hugoTestModules1_darwin/modh1_2 v1.3.0 h1:GUh4E7YMDoi7oGjG6bufKdHySr2pmUNe3JgaoDBtFds=
github.com/gohugoio/hugoTestModules1_darwin/modh1_2 v1.3.0/go.mod h1:RUx9zpiKyBh5z1k/vRQzll0Stbi4/cFMh9znmuqK+8A=
github.com/gohugoio/hugoTestModules1_darwin/modh1_2_1v v1.3.0/go.mod h1:f7ocolkXsDz5htmGauluf132M61r1PRPQlk2y6yodHA=
github.com/gohugoio/hugoTestModules1_darwin/modh1_2_2 v1.3.0/go.mod h1:7yS5pawhacj47Mdv3zSSqDSmbiDNcGA60yhvtSdnNSI=
