github.com/gohugoio/hugoTestModules1_darwin v0.0.0-20201018084106-2b35f20e8221 h1:nqc25Yoa0bDwntSUeq6gi2mGP2GoJ0yp5XjVxcqzb3o=
github.com/gohugoio/hugoTestModules1_darwin v0.0.0-20201018084125-6fc8682efcf4 h1:z+TkFmCG5MiP31Tdkhdpdp9ewDR5a3WDFGAeLEOAd6c=
github.com/gohugoio/hugoTestModules1_darwin/modh1_1_1v v0.0.0-20201018084106-2b35f20e8221 h1:AmCjJREDRP1FVSsc3BWm1bSR1b54o4RWmIZxPAE/aak=
github.com/gohugoio/hugoTestModules1_darwin/modh1_1_1v v0.0.0-20201018084106-2b35f20e8221/go.mod h1:oVNlYMy4oUsdIh8n7sEa9Yp0eWttLuyIsiUWDmgSWhg=
github.com/gohugoio/hugoTestModules1_darwin/modh1_1_1v v1.0.0/go.mod h1:oVNlYMy4oUsdIh8n7sEa9Yp0eWttLuyIsiUWDmgSWhg=
github.com/gohugoio/hugoTestModules1_darwin/modh1_1_2 v0.0.0-20201018084106-2b35f20e8221 h1:BV41B+NW52SkniC8vlfL0+/+F/nTflgCpOLdLkeT7ts=
github.com/gohugoio/hugoTestModules1_darwin/modh1_1_2 v0.0.0-20201018084106-2b35f20e8221/go.mod h1:uEzwm4n5SkbBejFZ0ugpEw3phlT7MbTLg2VVQk/y56M=
github.com/gohugoio/hugoTestModules1_darwin/modh1_1_2 v1.0.0/go.mod h1:uEzwm4n5SkbBejFZ0ugpEw3phlT7MbTLg2VVQk/y56M=
github.com/gohugoio/hugoTestModules1_darwin/modh1_1v v0.0.0-20201018084106-2b35f20e8221 h1:NxQJKuBofkGUTmkBYHMa82pI/QeBvbU5zZUJ8AnbkgE=
github.com/gohugoio/hugoTestModules1_darwin/modh1_1v v0.0.0-20201018084106-2b35f20e8221/go.mod h1:SLFn13k3p0DPAruJgOi/Dtt3V4aZbRayZG9wNOLO6e0=
github.com/gohugoio/hugoTestModules1_darwin/modh1_1v v1.0.0 h1:C5CXQB/+L4yblws/F+1tcDfYSqKAtgMRrHcwQo7ebiM=
github.com/gohugoio/hugoTestModules1_darwin/modh1_1v v1.0.0/go.mod h1:4L+7/cGPX5NURitq4YvFeSGobnWFEaifwuj/iBx9kj4=
github.com/gohugoio/hugoTestModules1_darwin/modh1_2 v0.0.0-20201018084106-2b35f20e8221 h1:9jslIdpWL4I+D//xZp5zOSaH+/SOfWT7mO+9v8sbeMc=
github.com/gohugoio/hugoTestModules1_darwin/modh1_2 v0.0.0-20201018084106-2b35f20e8221/go.mod h1:t2OhcOh7hST3YzwssMvAqC7emnpwMLOQ09LSxpMv5P8=
github.com/gohugoio/hugoTestModules1_darwin/modh1_2 v1.0.0 h1:UaNn3sbqWF0shKLfxVlpzXGNSdLWxbCpus4sXB7Lduk=
github.com/gohugoio/hugoTestModules1_darwin/modh1_2 v1.0.0/go.mod h1:vv/JyeNaYhnCQPE7KsEHve5wLFXkZ0Ywdn4YvgP0Mg0=
github.com/gohugoio/hugoTestModules1_darwin/modh1_2_1v v0.0.0-20201018084106-2b35f20e8221 h1:BM6IIncY0B/Mev7iGLygcAN7SuV639u32k9O28QLmPU=
github.com/gohugoio/hugoTestModules1_darwin/modh1_2_1v v0.0.0-20201018084106-2b35f20e8221/go.mod h1:f7ocolkXsDz5htmGauluf132M61r1PRPQlk2y6yodHA=
github.com/gohugoio/hugoTestModules1_darwin/modh1_2_1v v1.0.0/go.mod h1:f7ocolkXsDz5htmGauluf132M61r1PRPQlk2y6yodHA=
github.com/gohugoio/hugoTestModules1_darwin/modh1_2_2 v0.0.0-20201018084106-2b35f20e8221 h1:CwPohEciS+WtmAS0H+WAa2f4U7LrZ76FR0lSo2XBQVs=
github.com/gohugoio/hugoTestModules1_darwin/modh1_2_2 v0.0.0-20201018084106-2b35f20e8221/go.mod h1:7yS5pawhacj47Mdv3zSSqDSmbiDNcGA60yhvtSdnNSI=
github.com/gohugoio/hugoTestModules1_darwin/modh1_2_2 v1.0.0/go.mod h1:7yS5pawhacj47Mdv3zSSqDSmbiDNcGA60yhvtSdnNSI=
