github.com/gohugoio/hugoTestModules1_darwin/modh1_2_1v v1.3.0 h1:95mMYGutcnR9QPS1/JS3TwvyY+PVM3ZIfqoRWQtLwOA=
github.com/gohugoio/hugoTestModules1_darwin/modh1_2_1v v1.3.0/go.mod h1:f7ocolkXsDz5htmGauluf132M61r1PRPQlk2y6yodHA=
github.com/gohugoio/hugoTestModules1_darwin/modh1_2_2 v1.3.0 h1:R0ecK6wmZE61qqE6Z/UCSU2TQYx0+uuAgHD3U+C103w=
github.com/gohugoio/hugoTestModules1_darwin/modh1_2_2 v1.3.0/go.mod h1:7yS5pawhacj47Mdv3zSSqDSmbiDNcGA60yhvtSdnNSI=
