github.com/gohugoio/hugoTestModules1_darwin v0.0.0-20201018084106-2b35f20e8221 h1:nqc25Yoa0bDwntSUeq6gi2mGP2GoJ0yp5XjVxcqzb3o=
github.com/gohugoio/hugoTestModules1_darwin v0.0.0-20201018084125-6fc8682efcf4 h1:z+TkFmCG5MiP31Tdkhdpdp9ewDR5a3WDFGAeLEOAd6c=
github.com/gohugoio/hugoTestModules1_darwin/modh2_1_1v v0.0.0-20201018084106-2b35f20e8221 h1:w2nYGE7XUjmm0QST0t0n9Yyz6ubyG3efetBpMU93fzE=
github.com/gohugoio/hugoTestModules1_darwin/modh2_1_1v v0.0.0-20201018084106-2b35f20e8221/go.mod h1:qSPyd6XlIzf+Nt7XkwmgWEW76hJpjCl+U0It0v8aaHM=
github.com/gohugoio/hugoTestModules1_darwin/modh2_1_1v v1.0.0 h1:H7Wqh0M/wfgkNqWsTmCmnmqhOreTh8KkmSa4sJGGAUQ=
github.com/gohugoio/hugoTestModules1_darwin/modh2_1_1v v1.0.0/go.mod h1:qSPyd6XlIzf+Nt7XkwmgWEW76hJpjCl+U0It0v8aaHM=
github.com/gohugoio/hugoTestModules1_darwin/modh2_1_2 v0.0.0-20201018084106-2b35f20e8221 h1:0h4ajbkffMldkRZT9G0DKNBFqeYTfnVxZ6JnHO+0SNI=
github.com/gohugoio/hugoTestModules1_darwin/modh2_1_2 v0.0.0-20201018084106-2b35f20e8221/go.mod h1:HFjBSfLNNDIfcLEbwcuk3SOMWJOV3BwSg+STDjq3x2Q=
github.com/gohugoio/hugoTestModules1_darwin/modh2_1_2 v1.0.0 h1:MDAWZ04xWb1SOyIpx4LN1H7ILMYYs09FKMOd4RyqUpc=
github.com/gohugoio/hugoTestModules1_darwin/modh2_1_2 v1.0.0/go.mod h1:HFjBSfLNNDIfcLEbwcuk3SOMWJOV3BwSg+STDjq3x2Q=
